lockfileVersion: '6.0'

settings:
  autoInstallPeers: true
  excludeLinksFromLockfile: false

dependencies:
  next:
    specifier: 13.5.5-canary.17
    version: 13.5.5-canary.17(react-dom@18.0.0)(react@18.0.0)
  react:
    specifier: ^18
    version: 18.0.0
  react-dom:
    specifier: ^18
    version: 18.0.0(react@18.0.0)

devDependencies:
  '@types/node':
    specifier: ^20
    version: 20.0.0
  '@types/react':
    specifier: ^18
    version: 18.0.0
  '@types/react-dom':
    specifier: ^18
    version: 18.0.0
  typescript:
    specifier: ^5
    version: 5.0.2

packages:

  /@next/env@13.5.5-canary.17:
    resolution: {integrity: sha512-+Ss8P4wwa0nIWRcAh9y001sZmVvfUX5I2uqUhGwpLjRd0zKL30MTBIeiAPLLuAvqlXCGOGjo7GyzG5MT1jfurA==}
    dev: false

  /@next/swc-darwin-arm64@13.5.5-canary.17:
    resolution: {integrity: sha512-Wi1FmsPfHpPozJiIUyV5CEpzL0pUPGh9QQ9mbcueoFgoL2IPzMY6yEu5NPzykHemg8h3a6sJAx9Y0vmKaYhcIA==}
    engines: {node: '>= 10'}
    cpu: [arm64]
    os: [darwin]
    requiresBuild: true
    dev: false
    optional: true

  /@next/swc-darwin-x64@13.5.5-canary.17:
    resolution: {integrity: sha512-lEi2FKj2rpThBavuH8fXPpiTlb3pn7t9L88R4/pRTlLL4X3ZkBFPLL9D2uoipZjAdl1gDCpEO2msjZcwl/p/Iw==}
    engines: {node: '>= 10'}
    cpu: [x64]
    os: [darwin]
    requiresBuild: true
    dev: false
    optional: true

  /@next/swc-linux-arm64-gnu@13.5.5-canary.17:
    resolution: {integrity: sha512-tFUn1aKUzAo3M8xN37QQhJ3UW1/RZ5ndL1D8rthAnqW5UwWsmzA7FkHgdKEKB9LjzGD7tFX6Kktb/iGpPSLWWw==}
    engines: {node: '>= 10'}
    cpu: [arm64]
    os: [linux]
    requiresBuild: true
    dev: false
    optional: true

  /@next/swc-linux-arm64-musl@13.5.5-canary.17:
    resolution: {integrity: sha512-4ZCGqfWW4mgiNaDmbfk558OFtfx+GCJxOYuVYhSIK3ZSHarqqbDjfXVAgwgaY1EmE6rs5EFxaJLj3e4l769s5Q==}
    engines: {node: '>= 10'}
    cpu: [arm64]
    os: [linux]
    requiresBuild: true
    dev: false
    optional: true

  /@next/swc-linux-x64-gnu@13.5.5-canary.17:
    resolution: {integrity: sha512-p/WXiZWWD7Pkgq/RxA9X4UwPumE9JDxlXAoVW1jLL2uvoUOw+XVQh5ndTmdCzbIf210UlVmvEcMra088Sr4h/g==}
    engines: {node: '>= 10'}
    cpu: [x64]
    os: [linux]
    requiresBuild: true
    dev: false
    optional: true

  /@next/swc-linux-x64-musl@13.5.5-canary.17:
    resolution: {integrity: sha512-4vZCykCoPPr31XwscCsbVqCvhHRq8szzy2gSU0mSUOto5XIDt0lYQKKN82brkYtcarHOuMYcXUupT/vfdkiS3g==}
    engines: {node: '>= 10'}
    cpu: [x64]
    os: [linux]
    requiresBuild: true
    dev: false
    optional: true

  /@next/swc-win32-arm64-msvc@13.5.5-canary.17:
    resolution: {integrity: sha512-cBO6ca+ovqc7F3xowT/UxJppmOO3D555zz6DWxt7P8MN/jS22GYfM6qr7bOn+rQZrMnnkJxVWpj3UQKzd+QE1A==}
    engines: {node: '>= 10'}
    cpu: [arm64]
    os: [win32]
    requiresBuild: true
    dev: false
    optional: true

  /@next/swc-win32-ia32-msvc@13.5.5-canary.17:
    resolution: {integrity: sha512-9XYL31ZzCPW2e+//Emh8HHxobNUCNIlXi9qt/GRkbkEImp+c9i2AyCMm03lt90LpgxPdVYBplJXvvbF+b4WweA==}
    engines: {node: '>= 10'}
    cpu: [ia32]
    os: [win32]
    requiresBuild: true
    dev: false
    optional: true

  /@next/swc-win32-x64-msvc@13.5.5-canary.17:
    resolution: {integrity: sha512-+GFdCm8OtFeaFHfJswFT4+1XEmPbmCbELDoiA8yJjHRT+um3P772/Fucwcp1v0LsaJILxRCm2uakpZxFXZZRZw==}
    engines: {node: '>= 10'}
    cpu: [x64]
    os: [win32]
    requiresBuild: true
    dev: false
    optional: true

  /@swc/helpers@0.5.2:
    resolution: {integrity: sha512-E4KcWTpoLHqwPHLxidpOqQbcrZVgi0rsmmZXUle1jXmJfuIf/UWpczUJ7MZZ5tlxytgJXyp0w4PGkkeLiuIdZw==}
    dependencies:
      tslib: 2.6.2
    dev: false

  /@types/node@20.0.0:
    resolution: {integrity: sha512-cD2uPTDnQQCVpmRefonO98/PPijuOnnEy5oytWJFPY1N9aJCz2wJ5kSGWO+zJoed2cY2JxQh6yBuUq4vIn61hw==}
    dev: true

  /@types/prop-types@15.7.8:
    resolution: {integrity: sha512-kMpQpfZKSCBqltAJwskgePRaYRFukDkm1oItcAbC3gNELR20XIBcN9VRgg4+m8DKsTfkWeA4m4Imp4DDuWy7FQ==}
    dev: true

  /@types/react-dom@18.0.0:
    resolution: {integrity: sha512-49897Y0UiCGmxZqpC8Blrf6meL8QUla6eb+BBhn69dTXlmuOlzkfr7HHY/O8J25e1lTUMs+YYxSlVDAaGHCOLg==}
    dependencies:
      '@types/react': 18.0.0
    dev: true

  /@types/react@18.0.0:
    resolution: {integrity: sha512-7+K7zEQYu7NzOwQGLR91KwWXXDzmTFODRVizJyIALf6RfLv2GDpqpknX64pvRVILXCpXi7O/pua8NGk44dLvJw==}
    dependencies:
      '@types/prop-types': 15.7.8
      '@types/scheduler': 0.16.4
      csstype: 3.1.2
    dev: true

  /@types/scheduler@0.16.4:
    resolution: {integrity: sha512-2L9ifAGl7wmXwP4v3pN4p2FLhD0O1qsJpvKmNin5VA8+UvNVb447UDaAEV6UdrkA+m/Xs58U1RFps44x6TFsVQ==}
    dev: true

  /busboy@1.6.0:
    resolution: {integrity: sha512-8SFQbg/0hQ9xy3UNTB0YEnsNBbWfhf7RtnzpL7TkBiTBRfrQ9Fxcnz7VJsleJpyp6rVLvXiuORqjlHi5q+PYuA==}
    engines: {node: '>=10.16.0'}
    dependencies:
      streamsearch: 1.1.0
    dev: false

  /caniuse-lite@1.0.30001549:
    resolution: {integrity: sha512-qRp48dPYSCYaP+KurZLhDYdVE+yEyht/3NlmcJgVQ2VMGt6JL36ndQ/7rgspdZsJuxDPFIo/OzBT2+GmIJ53BA==}
    dev: false

  /client-only@0.0.1:
    resolution: {integrity: sha512-IV3Ou0jSMzZrd3pZ48nLkT9DA7Ag1pnPzaiQhpW7c3RbcqqzvzzVu+L8gfqMp/8IM2MQtSiqaCxrrcfu8I8rMA==}
    dev: false

  /csstype@3.1.2:
    resolution: {integrity: sha512-I7K1Uu0MBPzaFKg4nI5Q7Vs2t+3gWWW648spaF+Rg7pI9ds18Ugn+lvg4SHczUdKlHI5LWBXyqfS8+DufyBsgQ==}
    dev: true

  /glob-to-regexp@0.4.1:
    resolution: {integrity: sha512-lkX1HJXwyMcprw/5YUZc2s7DrpAiHB21/V+E1rHUrVNokkvB6bqMzT0VfV6/86ZNabt1k14YOIaT7nDvOX3Iiw==}
    dev: false

  /graceful-fs@4.2.11:
    resolution: {integrity: sha512-RbJ5/jmFcNNCcDV5o9eTnBLJ/HszWV0P73bc+Ff4nS/rJj+YaS6IGyiOL0VoBYX+l1Wrl3k63h/KrH+nhJ0XvQ==}
    dev: false

  /js-tokens@4.0.0:
    resolution: {integrity: sha512-RdJUflcE3cUzKiMqQgsCu06FPu9UdIJO0beYbPhHN4k6apgJtifcoCtT9bcxOpYBtpD2kCM6Sbzg4CausW/PKQ==}
    dev: false

  /loose-envify@1.4.0:
    resolution: {integrity: sha512-lyuxPGr/Wfhrlem2CL/UcnUc1zcqKAImBDzukY7Y5F/yQiNdko6+fRLevlw1HgMySw7f611UIY408EtxRSoK3Q==}
    hasBin: true
    dependencies:
      js-tokens: 4.0.0
    dev: false

  /nanoid@3.3.6:
    resolution: {integrity: sha512-BGcqMMJuToF7i1rt+2PWSNVnWIkGCU78jBG3RxO/bZlnZPK2Cmi2QaffxGO/2RvWi9sL+FAiRiXMgsyxQ1DIDA==}
    engines: {node: ^10 || ^12 || ^13.7 || ^14 || >=15.0.1}
    hasBin: true
    dev: false

  /next@13.5.5-canary.17(react-dom@18.0.0)(react@18.0.0):
    resolution: {integrity: sha512-NBTleI315H1JssNV67Cgo7JF1yA2jDRZhavEX9HfeREUQlgEkB+kZVQMR968Dh6S7exXDVL0Vdj5n9OulBhg8g==}
    engines: {node: '>=16.14.0'}
    hasBin: true
    peerDependencies:
      '@opentelemetry/api': ^1.1.0
      react: ^18.2.0
      react-dom: ^18.2.0
      sass: ^1.3.0
    peerDependenciesMeta:
      '@opentelemetry/api':
        optional: true
      sass:
        optional: true
    dependencies:
      '@next/env': 13.5.5-canary.17
      '@swc/helpers': 0.5.2
      busboy: 1.6.0
      caniuse-lite: 1.0.30001549
      postcss: 8.4.31
      react: 18.0.0
      react-dom: 18.0.0(react@18.0.0)
      styled-jsx: 5.1.1(react@18.0.0)
      watchpack: 2.4.0
    optionalDependencies:
      '@next/swc-darwin-arm64': 13.5.5-canary.17
      '@next/swc-darwin-x64': 13.5.5-canary.17
      '@next/swc-linux-arm64-gnu': 13.5.5-canary.17
      '@next/swc-linux-arm64-musl': 13.5.5-canary.17
      '@next/swc-linux-x64-gnu': 13.5.5-canary.17
      '@next/swc-linux-x64-musl': 13.5.5-canary.17
      '@next/swc-win32-arm64-msvc': 13.5.5-canary.17
      '@next/swc-win32-ia32-msvc': 13.5.5-canary.17
      '@next/swc-win32-x64-msvc': 13.5.5-canary.17
    transitivePeerDependencies:
      - '@babel/core'
      - babel-plugin-macros
    dev: false

  /picocolors@1.0.0:
    resolution: {integrity: sha512-1fygroTLlHu66zi26VoTDv8yRgm0Fccecssto+MhsZ0D/DGW2sm8E8AjW7NU5VVTRt5GxbeZ5qBuJr+HyLYkjQ==}
    dev: false

  /postcss@8.4.31:
    resolution: {integrity: sha512-PS08Iboia9mts/2ygV3eLpY5ghnUcfLV/EXTOW1E2qYxJKGGBUtNjN76FYHnMs36RmARn41bC0AZmn+rR0OVpQ==}
    engines: {node: ^10 || ^12 || >=14}
    dependencies:
      nanoid: 3.3.6
      picocolors: 1.0.0
      source-map-js: 1.0.2
    dev: false

  /react-dom@18.0.0(react@18.0.0):
    resolution: {integrity: sha512-XqX7uzmFo0pUceWFCt7Gff6IyIMzFUn7QMZrbrQfGxtaxXZIcGQzoNpRLE3fQLnS4XzLLPMZX2T9TRcSrasicw==}
    peerDependencies:
      react: ^18.0.0
    dependencies:
      loose-envify: 1.4.0
      react: 18.0.0
      scheduler: 0.21.0
    dev: false

  /react@18.0.0:
    resolution: {integrity: sha512-x+VL6wbT4JRVPm7EGxXhZ8w8LTROaxPXOqhlGyVSrv0sB1jkyFGgXxJ8LVoPRLvPR6/CIZGFmfzqUa2NYeMr2A==}
    engines: {node: '>=0.10.0'}
    dependencies:
      loose-envify: 1.4.0
    dev: false

  /scheduler@0.21.0:
    resolution: {integrity: sha512-1r87x5fz9MXqswA2ERLo0EbOAU74DpIUO090gIasYTqlVoJeMcl+Z1Rg7WHz+qtPujhS/hGIt9kxZOYBV3faRQ==}
    dependencies:
      loose-envify: 1.4.0
    dev: false

  /source-map-js@1.0.2:
    resolution: {integrity: sha512-R0XvVJ9WusLiqTCEiGCmICCMplcCkIwwR11mOSD9CR5u+IXYdiseeEuXCVAjS54zqwkLcPNnmU4OeJ6tUrWhDw==}
    engines: {node: '>=0.10.0'}
    dev: false

  /streamsearch@1.1.0:
    resolution: {integrity: sha512-Mcc5wHehp9aXz1ax6bZUyY5afg9u2rv5cqQI3mRrYkGC8rW2hM02jWuwjtL++LS5qinSyhj2QfLyNsuc+VsExg==}
    engines: {node: '>=10.0.0'}
    dev: false

  /styled-jsx@5.1.1(react@18.0.0):
    resolution: {integrity: sha512-pW7uC1l4mBZ8ugbiZrcIsiIvVx1UmTfw7UkC3Um2tmfUq9Bhk8IiyEIPl6F8agHgjzku6j0xQEZbfA5uSgSaCw==}
    engines: {node: '>= 12.0.0'}
    peerDependencies:
      '@babel/core': '*'
      babel-plugin-macros: '*'
      react: '>= 16.8.0 || 17.x.x || ^18.0.0-0'
    peerDependenciesMeta:
      '@babel/core':
        optional: true
      babel-plugin-macros:
        optional: true
    dependencies:
      client-only: 0.0.1
      react: 18.0.0
    dev: false

  /tslib@2.6.2:
    resolution: {integrity: sha512-AEYxH93jGFPn/a2iVAwW87VuUIkR1FVUKB77NwMF7nBTDkDrrT/Hpt/IrCJ0QXhW27jTBDcf5ZY7w6RiqTMw2Q==}
    dev: false

  /typescript@5.0.2:
    resolution: {integrity: sha512-wVORMBGO/FAs/++blGNeAVdbNKtIh1rbBL2EyQ1+J9lClJ93KiiKe8PmFIVdXhHcyv44SL9oglmfeSsndo0jRw==}
    engines: {node: '>=12.20'}
    hasBin: true
    dev: true

  /watchpack@2.4.0:
    resolution: {integrity: sha512-Lcvm7MGST/4fup+ifyKi2hjyIAwcdI4HRgtvTpIUxBRhB+RFtUh8XtDOxUfctVCnhVi+QQj49i91OyvzkJl6cg==}
    engines: {node: '>=10.13.0'}
    dependencies:
      glob-to-regexp: 0.4.1
      graceful-fs: 4.2.11
    dev: false
